{
  "name": "zpro",
  "version": "1.0.0",
  "lockfileVersion": 2,
  "requires": true,
  "packages": {
    "": {
      "name": "zpro",
      "version": "1.0.0",
      "license": "ISC",
      "bin": {
        "zpro": "index.js"
      },
      "devDependencies": {
        "commander": "^8.2.0"
      }
    },
    "node_modules/commander": {
      "version": "8.2.0",
      "resolved": "http://npm.weimob.com:80/commander/-/commander-8.2.0.tgz",
      "integrity": "sha1-N/4r3jAdh9R6U63v+LWRXbE4HKg=",
      "dev": true,
      "license": "MIT",
      "engines": {
        "node": ">= 12"
      }
    }
  },
  "dependencies": {
    "commander": {
      "version": "8.2.0",
      "resolved": "http://npm.weimob.com:80/commander/-/commander-8.2.0.tgz",
      "integrity": "sha1-N/4r3jAdh9R6U63v+LWRXbE4HKg=",
      "dev": true
    }
  }
}
